PODS:
  - PromiseKit (6.17.1):
    - PromiseKit/CorePromise (= 6.17.1)
    - PromiseKit/Foundation (= 6.17.1)
    - PromiseKit/UIKit (= 6.17.1)
  - PromiseKit/CorePromise (6.17.1)
  - PromiseKit/Foundation (6.17.1):
    - PromiseKit/CorePromise
  - PromiseKit/UIKit (6.17.1):
    - PromiseKit/CorePromise
  - Realm (10.28.1):
    - Realm/Headers (= 10.28.1)
  - Realm/Headers (10.28.1)
  - RealmSwift (10.28.1):
    - Realm (= 10.28.1)
  - SwiftKeychainWrapper (4.0.1)

DEPENDENCIES:
  - PromiseKit
  - RealmSwift
  - SwiftKeychainWrapper

SPEC REPOS:
  trunk:
    - PromiseKit
    - Realm
    - RealmSwift
    - SwiftKeychainWrapper

SPEC CHECKSUMS:
  PromiseKit: ee485df3d4dc570594d7e7aecae6352697dc6a4c
  Realm: f4674e0e7ee537f67a78d79bd8319bc777d61d06
  RealmSwift: 0e0e4786685c4442bf56d3831dfefb5fa05d6fd6
  SwiftKeychainWrapper: 807ba1d63c33a7d0613288512399cd1eda1e470c

PODFILE CHECKSUM: 500e4f36780e483e9fcc3290563f41256d89543f

COCOAPODS: 1.11.3
