// !$*UTF8*$!
{
	archiveVersion = 1;
	classes = {
	};
	objectVersion = 55;
	objects = {

/* Begin PBXBuildFile section */
		4029091142EC9CF227B37589 /* Pods_weatherLesson1.framework in Frameworks */ = {isa = PBXBuildFile; fileRef = 060F3AF6172A34C538B885CB /* Pods_weatherLesson1.framework */; };
		AD03AC0F282BF3A3002040B6 /* RealmCacheService.swift in Sources */ = {isa = PBXBuildFile; fileRef = AD03AC0E282BF3A3002040B6 /* RealmCacheService.swift */; };
		AD55141D27BD09F100667DD6 /* MainTabBarContoller.swift in Sources */ = {isa = PBXBuildFile; fileRef = AD55141C27BD09F100667DD6 /* MainTabBarContoller.swift */; };
		AD8B363B27B57F18003FA6CA /* AppDelegate.swift in Sources */ = {isa = PBXBuildFile; fileRef = AD8B363A27B57F18003FA6CA /* AppDelegate.swift */; };
		AD8B363D27B57F18003FA6CA /* SceneDelegate.swift in Sources */ = {isa = PBXBuildFile; fileRef = AD8B363C27B57F18003FA6CA /* SceneDelegate.swift */; };
		AD8B363F27B57F18003FA6CA /* ViewController.swift in Sources */ = {isa = PBXBuildFile; fileRef = AD8B363E27B57F18003FA6CA /* ViewController.swift */; };
		AD8B364227B57F18003FA6CA /* Main.storyboard in Resources */ = {isa = PBXBuildFile; fileRef = AD8B364027B57F18003FA6CA /* Main.storyboard */; };
		AD8B364427B57F1C003FA6CA /* Assets.xcassets in Resources */ = {isa = PBXBuildFile; fileRef = AD8B364327B57F1C003FA6CA /* Assets.xcassets */; };
		AD8B364727B57F1C003FA6CA /* LaunchScreen.storyboard in Resources */ = {isa = PBXBuildFile; fileRef = AD8B364527B57F1C003FA6CA /* LaunchScreen.storyboard */; };
		AD8B366227BACEAD003FA6CA /* WeatherViewController.swift in Sources */ = {isa = PBXBuildFile; fileRef = AD8B366127BACEAD003FA6CA /* WeatherViewController.swift */; };
		ADC9B9B2280D581F00C2A940 /* VKService.swift in Sources */ = {isa = PBXBuildFile; fileRef = ADC9B9B1280D581F00C2A940 /* VKService.swift */; };
		ADC9B9B4280D7DCE00C2A940 /* webViewController.swift in Sources */ = {isa = PBXBuildFile; fileRef = ADC9B9B3280D7DCE00C2A940 /* webViewController.swift */; };
		ADC9B9B628104EEA00C2A940 /* VKData.swift in Sources */ = {isa = PBXBuildFile; fileRef = ADC9B9B528104EEA00C2A940 /* VKData.swift */; };
		ADE192A427BD68920027FABF /* FriendTableViewController.swift in Sources */ = {isa = PBXBuildFile; fileRef = ADE192A327BD68920027FABF /* FriendTableViewController.swift */; };
		ADE192A627BD695A0027FABF /* TestViewController.swift in Sources */ = {isa = PBXBuildFile; fileRef = ADE192A527BD695A0027FABF /* TestViewController.swift */; };
		ADE192A827BD6ACC0027FABF /* FriendTableViewCell.swift in Sources */ = {isa = PBXBuildFile; fileRef = ADE192A727BD6ACC0027FABF /* FriendTableViewCell.swift */; };
		ADE192AE27BD7B3F0027FABF /* FriendCollectionViewController.swift in Sources */ = {isa = PBXBuildFile; fileRef = ADE192AD27BD7B3F0027FABF /* FriendCollectionViewController.swift */; };
		ADE192B027BD7B590027FABF /* FriendCollectionViewCell.swift in Sources */ = {isa = PBXBuildFile; fileRef = ADE192AF27BD7B590027FABF /* FriendCollectionViewCell.swift */; };
		ADE192B327C3FCD90027FABF /* UserStruct.swift in Sources */ = {isa = PBXBuildFile; fileRef = ADE192B227C3FCD90027FABF /* UserStruct.swift */; };
		ADE192B727C3FF630027FABF /* GroupTableViewCell.swift in Sources */ = {isa = PBXBuildFile; fileRef = ADE192B627C3FF630027FABF /* GroupTableViewCell.swift */; };
		ADE192B927C3FF730027FABF /* GroupTableViewController.swift in Sources */ = {isa = PBXBuildFile; fileRef = ADE192B827C3FF730027FABF /* GroupTableViewController.swift */; };
		ADE192BB27C4005F0027FABF /* GroupStruct.swift in Sources */ = {isa = PBXBuildFile; fileRef = ADE192BA27C4005F0027FABF /* GroupStruct.swift */; };
		ADE192BF27C401380027FABF /* DrawningControl.swift in Sources */ = {isa = PBXBuildFile; fileRef = ADE192BE27C401380027FABF /* DrawningControl.swift */; };
		ADE192C327C40DD30027FABF /* CanvasViewController.swift in Sources */ = {isa = PBXBuildFile; fileRef = ADE192C227C40DD30027FABF /* CanvasViewController.swift */; };
		ADE192DB27C8F95C0027FABF /* ProfImage.swift in Sources */ = {isa = PBXBuildFile; fileRef = ADE192DA27C8F95C0027FABF /* ProfImage.swift */; };
		ADE192DD27C9131D0027FABF /* LikeControl.swift in Sources */ = {isa = PBXBuildFile; fileRef = ADE192DC27C9131D0027FABF /* LikeControl.swift */; };
		ADE1930027CFDDC90027FABF /* Friend2TableViewCell.swift in Sources */ = {isa = PBXBuildFile; fileRef = ADE192FE27CFDDC90027FABF /* Friend2TableViewCell.swift */; };
		ADE1930127CFDDC90027FABF /* Friend2TableViewCell.xib in Resources */ = {isa = PBXBuildFile; fileRef = ADE192FF27CFDDC90027FABF /* Friend2TableViewCell.xib */; };
		ADE1930327CFDF930027FABF /* Friend2TableViewController.swift in Sources */ = {isa = PBXBuildFile; fileRef = ADE1930227CFDF930027FABF /* Friend2TableViewController.swift */; };
		ADE1930627D7AA100027FABF /* NewsTableViewController.swift in Sources */ = {isa = PBXBuildFile; fileRef = ADE1930527D7AA100027FABF /* NewsTableViewController.swift */; };
		ADE1930A27D7AA2C0027FABF /* NewsTableViewCell.xib in Resources */ = {isa = PBXBuildFile; fileRef = ADE1930827D7AA2C0027FABF /* NewsTableViewCell.xib */; };
		ADE1930D27D7AD120027FABF /* NewsTableViewCell.swift in Sources */ = {isa = PBXBuildFile; fileRef = ADE1930C27D7AD120027FABF /* NewsTableViewCell.swift */; };
		ADE1932927F0940E0027FABF /* LaunchD0wnload.swift in Sources */ = {isa = PBXBuildFile; fileRef = ADE1932827F0940E0027FABF /* LaunchD0wnload.swift */; };
		ADE1936427FF4D090027FABF /* PhotosGalViewController.swift in Sources */ = {isa = PBXBuildFile; fileRef = ADE1936327FF4D090027FABF /* PhotosGalViewController.swift */; };
		ADE1936627FF95890027FABF /* PhotoCollectionViewCell.swift in Sources */ = {isa = PBXBuildFile; fileRef = ADE1936527FF95890027FABF /* PhotoCollectionViewCell.swift */; };
		ADE1936928004BCC0027FABF /* CustomAnimation.swift in Sources */ = {isa = PBXBuildFile; fileRef = ADE1936828004BCC0027FABF /* CustomAnimation.swift */; };
		ADE1936B28004C020027FABF /* CustomNavigationController.swift in Sources */ = {isa = PBXBuildFile; fileRef = ADE1936A28004C020027FABF /* CustomNavigationController.swift */; };
		ADE1936E280459C90027FABF /* Session.swift in Sources */ = {isa = PBXBuildFile; fileRef = ADE1936D280459C90027FABF /* Session.swift */; };
/* End PBXBuildFile section */

/* Begin PBXFileReference section */
		060F3AF6172A34C538B885CB /* Pods_weatherLesson1.framework */ = {isa = PBXFileReference; explicitFileType = wrapper.framework; includeInIndex = 0; path = Pods_weatherLesson1.framework; sourceTree = BUILT_PRODUCTS_DIR; };
		1231B8C2DC1EA45DD9FC352A /* Pods-weatherLesson1.release.xcconfig */ = {isa = PBXFileReference; includeInIndex = 1; lastKnownFileType = text.xcconfig; name = "Pods-weatherLesson1.release.xcconfig"; path = "Target Support Files/Pods-weatherLesson1/Pods-weatherLesson1.release.xcconfig"; sourceTree = "<group>"; };
		8BE5C86AF9E75C69836C9855 /* Pods-weatherLesson1.debug.xcconfig */ = {isa = PBXFileReference; includeInIndex = 1; lastKnownFileType = text.xcconfig; name = "Pods-weatherLesson1.debug.xcconfig"; path = "Target Support Files/Pods-weatherLesson1/Pods-weatherLesson1.debug.xcconfig"; sourceTree = "<group>"; };
		AD03AC0E282BF3A3002040B6 /* RealmCacheService.swift */ = {isa = PBXFileReference; lastKnownFileType = sourcecode.swift; path = RealmCacheService.swift; sourceTree = "<group>"; };
		AD55141C27BD09F100667DD6 /* MainTabBarContoller.swift */ = {isa = PBXFileReference; lastKnownFileType = sourcecode.swift; path = MainTabBarContoller.swift; sourceTree = "<group>"; };
		AD8B363727B57F18003FA6CA /* weatherLesson1.app */ = {isa = PBXFileReference; explicitFileType = wrapper.application; includeInIndex = 0; path = weatherLesson1.app; sourceTree = BUILT_PRODUCTS_DIR; };
		AD8B363A27B57F18003FA6CA /* AppDelegate.swift */ = {isa = PBXFileReference; lastKnownFileType = sourcecode.swift; path = AppDelegate.swift; sourceTree = "<group>"; };
		AD8B363C27B57F18003FA6CA /* SceneDelegate.swift */ = {isa = PBXFileReference; lastKnownFileType = sourcecode.swift; path = SceneDelegate.swift; sourceTree = "<group>"; };
		AD8B363E27B57F18003FA6CA /* ViewController.swift */ = {isa = PBXFileReference; lastKnownFileType = sourcecode.swift; path = ViewController.swift; sourceTree = "<group>"; };
		AD8B364127B57F18003FA6CA /* Base */ = {isa = PBXFileReference; lastKnownFileType = file.storyboard; name = Base; path = Base.lproj/Main.storyboard; sourceTree = "<group>"; };
		AD8B364327B57F1C003FA6CA /* Assets.xcassets */ = {isa = PBXFileReference; lastKnownFileType = folder.assetcatalog; path = Assets.xcassets; sourceTree = "<group>"; };
		AD8B364627B57F1C003FA6CA /* Base */ = {isa = PBXFileReference; lastKnownFileType = file.storyboard; name = Base; path = Base.lproj/LaunchScreen.storyboard; sourceTree = "<group>"; };
		AD8B364827B57F1C003FA6CA /* Info.plist */ = {isa = PBXFileReference; lastKnownFileType = text.plist.xml; path = Info.plist; sourceTree = "<group>"; };
		AD8B366127BACEAD003FA6CA /* WeatherViewController.swift */ = {isa = PBXFileReference; lastKnownFileType = sourcecode.swift; path = WeatherViewController.swift; sourceTree = "<group>"; };
		ADC9B9B1280D581F00C2A940 /* VKService.swift */ = {isa = PBXFileReference; lastKnownFileType = sourcecode.swift; path = VKService.swift; sourceTree = "<group>"; };
		ADC9B9B3280D7DCE00C2A940 /* webViewController.swift */ = {isa = PBXFileReference; lastKnownFileType = sourcecode.swift; path = webViewController.swift; sourceTree = "<group>"; };
		ADC9B9B528104EEA00C2A940 /* VKData.swift */ = {isa = PBXFileReference; lastKnownFileType = sourcecode.swift; path = VKData.swift; sourceTree = "<group>"; };
		ADE192A327BD68920027FABF /* FriendTableViewController.swift */ = {isa = PBXFileReference; lastKnownFileType = sourcecode.swift; path = FriendTableViewController.swift; sourceTree = "<group>"; };
		ADE192A527BD695A0027FABF /* TestViewController.swift */ = {isa = PBXFileReference; lastKnownFileType = sourcecode.swift; path = TestViewController.swift; sourceTree = "<group>"; };
		ADE192A727BD6ACC0027FABF /* FriendTableViewCell.swift */ = {isa = PBXFileReference; lastKnownFileType = sourcecode.swift; path = FriendTableViewCell.swift; sourceTree = "<group>"; };
		ADE192AD27BD7B3F0027FABF /* FriendCollectionViewController.swift */ = {isa = PBXFileReference; lastKnownFileType = sourcecode.swift; path = FriendCollectionViewController.swift; sourceTree = "<group>"; };
		ADE192AF27BD7B590027FABF /* FriendCollectionViewCell.swift */ = {isa = PBXFileReference; lastKnownFileType = sourcecode.swift; path = FriendCollectionViewCell.swift; sourceTree = "<group>"; };
		ADE192B227C3FCD90027FABF /* UserStruct.swift */ = {isa = PBXFileReference; lastKnownFileType = sourcecode.swift; path = UserStruct.swift; sourceTree = "<group>"; };
		ADE192B627C3FF630027FABF /* GroupTableViewCell.swift */ = {isa = PBXFileReference; lastKnownFileType = sourcecode.swift; path = GroupTableViewCell.swift; sourceTree = "<group>"; };
		ADE192B827C3FF730027FABF /* GroupTableViewController.swift */ = {isa = PBXFileReference; lastKnownFileType = sourcecode.swift; path = GroupTableViewController.swift; sourceTree = "<group>"; };
		ADE192BA27C4005F0027FABF /* GroupStruct.swift */ = {isa = PBXFileReference; lastKnownFileType = sourcecode.swift; path = GroupStruct.swift; sourceTree = "<group>"; };
		ADE192BE27C401380027FABF /* DrawningControl.swift */ = {isa = PBXFileReference; lastKnownFileType = sourcecode.swift; path = DrawningControl.swift; sourceTree = "<group>"; };
		ADE192C227C40DD30027FABF /* CanvasViewController.swift */ = {isa = PBXFileReference; lastKnownFileType = sourcecode.swift; path = CanvasViewController.swift; sourceTree = "<group>"; };
		ADE192DA27C8F95C0027FABF /* ProfImage.swift */ = {isa = PBXFileReference; lastKnownFileType = sourcecode.swift; path = ProfImage.swift; sourceTree = "<group>"; };
		ADE192DC27C9131D0027FABF /* LikeControl.swift */ = {isa = PBXFileReference; lastKnownFileType = sourcecode.swift; path = LikeControl.swift; sourceTree = "<group>"; };
		ADE192FE27CFDDC90027FABF /* Friend2TableViewCell.swift */ = {isa = PBXFileReference; lastKnownFileType = sourcecode.swift; path = Friend2TableViewCell.swift; sourceTree = "<group>"; };
		ADE192FF27CFDDC90027FABF /* Friend2TableViewCell.xib */ = {isa = PBXFileReference; lastKnownFileType = file.xib; path = Friend2TableViewCell.xib; sourceTree = "<group>"; };
		ADE1930227CFDF930027FABF /* Friend2TableViewController.swift */ = {isa = PBXFileReference; lastKnownFileType = sourcecode.swift; path = Friend2TableViewController.swift; sourceTree = "<group>"; };
		ADE1930527D7AA100027FABF /* NewsTableViewController.swift */ = {isa = PBXFileReference; lastKnownFileType = sourcecode.swift; path = NewsTableViewController.swift; sourceTree = "<group>"; };
		ADE1930827D7AA2C0027FABF /* NewsTableViewCell.xib */ = {isa = PBXFileReference; lastKnownFileType = file.xib; path = NewsTableViewCell.xib; sourceTree = "<group>"; };
		ADE1930C27D7AD120027FABF /* NewsTableViewCell.swift */ = {isa = PBXFileReference; lastKnownFileType = sourcecode.swift; path = NewsTableViewCell.swift; sourceTree = "<group>"; };
		ADE1932827F0940E0027FABF /* LaunchD0wnload.swift */ = {isa = PBXFileReference; lastKnownFileType = sourcecode.swift; path = LaunchD0wnload.swift; sourceTree = "<group>"; };
		ADE1936327FF4D090027FABF /* PhotosGalViewController.swift */ = {isa = PBXFileReference; lastKnownFileType = sourcecode.swift; path = PhotosGalViewController.swift; sourceTree = "<group>"; };
		ADE1936527FF95890027FABF /* PhotoCollectionViewCell.swift */ = {isa = PBXFileReference; lastKnownFileType = sourcecode.swift; path = PhotoCollectionViewCell.swift; sourceTree = "<group>"; };
		ADE1936828004BCC0027FABF /* CustomAnimation.swift */ = {isa = PBXFileReference; lastKnownFileType = sourcecode.swift; path = CustomAnimation.swift; sourceTree = "<group>"; };
		ADE1936A28004C020027FABF /* CustomNavigationController.swift */ = {isa = PBXFileReference; lastKnownFileType = sourcecode.swift; path = CustomNavigationController.swift; sourceTree = "<group>"; };
		ADE1936D280459C90027FABF /* Session.swift */ = {isa = PBXFileReference; lastKnownFileType = sourcecode.swift; path = Session.swift; sourceTree = "<group>"; };
/* End PBXFileReference section */

/* Begin PBXFrameworksBuildPhase section */
		AD8B363427B57F18003FA6CA /* Frameworks */ = {
			isa = PBXFrameworksBuildPhase;
			buildActionMask = 2147483647;
			files = (
				4029091142EC9CF227B37589 /* Pods_weatherLesson1.framework in Frameworks */,
			);
			runOnlyForDeploymentPostprocessing = 0;
		};
/* End PBXFrameworksBuildPhase section */

/* Begin PBXGroup section */
		6F45E0A9529D53F965ACA602 /* Frameworks */ = {
			isa = PBXGroup;
			children = (
				060F3AF6172A34C538B885CB /* Pods_weatherLesson1.framework */,
			);
			name = Frameworks;
			sourceTree = "<group>";
		};
		AD8B362E27B57F18003FA6CA = {
			isa = PBXGroup;
			children = (
				AD8B363927B57F18003FA6CA /* weatherLesson1 */,
				AD8B363827B57F18003FA6CA /* Products */,
				B964F7737EC951D14CAD096E /* Pods */,
				6F45E0A9529D53F965ACA602 /* Frameworks */,
			);
			sourceTree = "<group>";
		};
		AD8B363827B57F18003FA6CA /* Products */ = {
			isa = PBXGroup;
			children = (
				AD8B363727B57F18003FA6CA /* weatherLesson1.app */,
			);
			name = Products;
			sourceTree = "<group>";
		};
		AD8B363927B57F18003FA6CA /* weatherLesson1 */ = {
			isa = PBXGroup;
			children = (
				ADC9B9B0280D57FC00C2A940 /* Service */,
				AD8B363A27B57F18003FA6CA /* AppDelegate.swift */,
				AD8B363C27B57F18003FA6CA /* SceneDelegate.swift */,
				ADE192BD27C401070027FABF /* View */,
				ADE192BC27C400B30027FABF /* Conrollers */,
				ADE192B127C3FC9E0027FABF /* Model */,
				AD8B364327B57F1C003FA6CA /* Assets.xcassets */,
				AD8B364827B57F1C003FA6CA /* Info.plist */,
			);
			path = weatherLesson1;
			sourceTree = "<group>";
		};
		ADC9B9B0280D57FC00C2A940 /* Service */ = {
			isa = PBXGroup;
			children = (
				ADE1936D280459C90027FABF /* Session.swift */,
				ADC9B9B1280D581F00C2A940 /* VKService.swift */,
			);
			path = Service;
			sourceTree = "<group>";
		};
		ADE192B127C3FC9E0027FABF /* Model */ = {
			isa = PBXGroup;
			children = (
				ADE192B227C3FCD90027FABF /* UserStruct.swift */,
				ADE192BA27C4005F0027FABF /* GroupStruct.swift */,
				ADC9B9B528104EEA00C2A940 /* VKData.swift */,
			);
			path = Model;
			sourceTree = "<group>";
		};
		ADE192BC27C400B30027FABF /* Conrollers */ = {
			isa = PBXGroup;
			children = (
				ADE1936727FFA0150027FABF /* BigPhoto */,
				AD55141C27BD09F100667DD6 /* MainTabBarContoller.swift */,
				ADC9B9B3280D7DCE00C2A940 /* webViewController.swift */,
				AD8B366127BACEAD003FA6CA /* WeatherViewController.swift */,
				ADE1936828004BCC0027FABF /* CustomAnimation.swift */,
				ADE1936A28004C020027FABF /* CustomNavigationController.swift */,
				ADE192A327BD68920027FABF /* FriendTableViewController.swift */,
				AD03AC0E282BF3A3002040B6 /* RealmCacheService.swift */,
				ADE192A727BD6ACC0027FABF /* FriendTableViewCell.swift */,
				ADE192AD27BD7B3F0027FABF /* FriendCollectionViewController.swift */,
				ADE192AF27BD7B590027FABF /* FriendCollectionViewCell.swift */,
				ADE192B627C3FF630027FABF /* GroupTableViewCell.swift */,
				ADE192B827C3FF730027FABF /* GroupTableViewController.swift */,
				ADE192C227C40DD30027FABF /* CanvasViewController.swift */,
				ADE192A527BD695A0027FABF /* TestViewController.swift */,
				AD8B363E27B57F18003FA6CA /* ViewController.swift */,
				ADE1930B27D7AA320027FABF /* NewsContollers */,
				ADE1930427CFE3350027FABF /* Friend2 */,
			);
			path = Conrollers;
			sourceTree = "<group>";
		};
		ADE192BD27C401070027FABF /* View */ = {
			isa = PBXGroup;
			children = (
				AD8B364527B57F1C003FA6CA /* LaunchScreen.storyboard */,
				AD8B364027B57F18003FA6CA /* Main.storyboard */,
				ADE192DC27C9131D0027FABF /* LikeControl.swift */,
				ADE1932827F0940E0027FABF /* LaunchD0wnload.swift */,
				ADE192DA27C8F95C0027FABF /* ProfImage.swift */,
				ADE192BE27C401380027FABF /* DrawningControl.swift */,
			);
			path = View;
			sourceTree = "<group>";
		};
		ADE1930427CFE3350027FABF /* Friend2 */ = {
			isa = PBXGroup;
			children = (
				ADE192FF27CFDDC90027FABF /* Friend2TableViewCell.xib */,
				ADE192FE27CFDDC90027FABF /* Friend2TableViewCell.swift */,
				ADE1930227CFDF930027FABF /* Friend2TableViewController.swift */,
			);
			path = Friend2;
			sourceTree = "<group>";
		};
		ADE1930B27D7AA320027FABF /* NewsContollers */ = {
			isa = PBXGroup;
			children = (
				ADE1930527D7AA100027FABF /* NewsTableViewController.swift */,
				ADE1930827D7AA2C0027FABF /* NewsTableViewCell.xib */,
				ADE1930C27D7AD120027FABF /* NewsTableViewCell.swift */,
			);
			path = NewsContollers;
			sourceTree = "<group>";
		};
		ADE1936727FFA0150027FABF /* BigPhoto */ = {
			isa = PBXGroup;
			children = (
				ADE1936327FF4D090027FABF /* PhotosGalViewController.swift */,
				ADE1936527FF95890027FABF /* PhotoCollectionViewCell.swift */,
			);
			path = BigPhoto;
			sourceTree = "<group>";
		};
		B964F7737EC951D14CAD096E /* Pods */ = {
			isa = PBXGroup;
			children = (
				8BE5C86AF9E75C69836C9855 /* Pods-weatherLesson1.debug.xcconfig */,
				1231B8C2DC1EA45DD9FC352A /* Pods-weatherLesson1.release.xcconfig */,
			);
			path = Pods;
			sourceTree = "<group>";
		};
/* End PBXGroup section */

/* Begin PBXNativeTarget section */
		AD8B363627B57F18003FA6CA /* weatherLesson1 */ = {
			isa = PBXNativeTarget;
			buildConfigurationList = AD8B364B27B57F1C003FA6CA /* Build configuration list for PBXNativeTarget "weatherLesson1" */;
			buildPhases = (
				AC78704CECDC6E381B835BF9 /* [CP] Check Pods Manifest.lock */,
				AD8B363327B57F18003FA6CA /* Sources */,
				AD8B363427B57F18003FA6CA /* Frameworks */,
				AD8B363527B57F18003FA6CA /* Resources */,
				4DFEC05B257B3B724A0BCC54 /* [CP] Embed Pods Frameworks */,
			);
			buildRules = (
			);
			dependencies = (
			);
			name = weatherLesson1;
			productName = weatherLesson1;
			productReference = AD8B363727B57F18003FA6CA /* weatherLesson1.app */;
			productType = "com.apple.product-type.application";
		};
/* End PBXNativeTarget section */

/* Begin PBXProject section */
		AD8B362F27B57F18003FA6CA /* Project object */ = {
			isa = PBXProject;
			attributes = {
				BuildIndependentTargetsInParallel = 1;
				LastSwiftUpdateCheck = 1320;
				LastUpgradeCheck = 1320;
				TargetAttributes = {
					AD8B363627B57F18003FA6CA = {
						CreatedOnToolsVersion = 13.2.1;
					};
				};
			};
			buildConfigurationList = AD8B363227B57F18003FA6CA /* Build configuration list for PBXProject "weatherLesson1" */;
			compatibilityVersion = "Xcode 13.0";
			developmentRegion = en;
			hasScannedForEncodings = 0;
			knownRegions = (
				en,
				Base,
			);
			mainGroup = AD8B362E27B57F18003FA6CA;
			productRefGroup = AD8B363827B57F18003FA6CA /* Products */;
			projectDirPath = "";
			projectRoot = "";
			targets = (
				AD8B363627B57F18003FA6CA /* weatherLesson1 */,
			);
		};
/* End PBXProject section */

/* Begin PBXResourcesBuildPhase section */
		AD8B363527B57F18003FA6CA /* Resources */ = {
			isa = PBXResourcesBuildPhase;
			buildActionMask = 2147483647;
			files = (
				ADE1930127CFDDC90027FABF /* Friend2TableViewCell.xib in Resources */,
				AD8B364727B57F1C003FA6CA /* LaunchScreen.storyboard in Resources */,
				AD8B364427B57F1C003FA6CA /* Assets.xcassets in Resources */,
				ADE1930A27D7AA2C0027FABF /* NewsTableViewCell.xib in Resources */,
				AD8B364227B57F18003FA6CA /* Main.storyboard in Resources */,
			);
			runOnlyForDeploymentPostprocessing = 0;
		};
/* End PBXResourcesBuildPhase section */

/* Begin PBXShellScriptBuildPhase section */
		4DFEC05B257B3B724A0BCC54 /* [CP] Embed Pods Frameworks */ = {
			isa = PBXShellScriptBuildPhase;
			buildActionMask = 2147483647;
			files = (
			);
			inputFileListPaths = (
				"${PODS_ROOT}/Target Support Files/Pods-weatherLesson1/Pods-weatherLesson1-frameworks-${CONFIGURATION}-input-files.xcfilelist",
			);
			name = "[CP] Embed Pods Frameworks";
			outputFileListPaths = (
				"${PODS_ROOT}/Target Support Files/Pods-weatherLesson1/Pods-weatherLesson1-frameworks-${CONFIGURATION}-output-files.xcfilelist",
			);
			runOnlyForDeploymentPostprocessing = 0;
			shellPath = /bin/sh;
			shellScript = "\"${PODS_ROOT}/Target Support Files/Pods-weatherLesson1/Pods-weatherLesson1-frameworks.sh\"\n";
			showEnvVarsInLog = 0;
		};
		AC78704CECDC6E381B835BF9 /* [CP] Check Pods Manifest.lock */ = {
			isa = PBXShellScriptBuildPhase;
			buildActionMask = 2147483647;
			files = (
			);
			inputFileListPaths = (
			);
			inputPaths = (
				"${PODS_PODFILE_DIR_PATH}/Podfile.lock",
				"${PODS_ROOT}/Manifest.lock",
			);
			name = "[CP] Check Pods Manifest.lock";
			outputFileListPaths = (
			);
			outputPaths = (
				"$(DERIVED_FILE_DIR)/Pods-weatherLesson1-checkManifestLockResult.txt",
			);
			runOnlyForDeploymentPostprocessing = 0;
			shellPath = /bin/sh;
			shellScript = "diff \"${PODS_PODFILE_DIR_PATH}/Podfile.lock\" \"${PODS_ROOT}/Manifest.lock\" > /dev/null\nif [ $? != 0 ] ; then\n    # print error to STDERR\n    echo \"error: The sandbox is not in sync with the Podfile.lock. Run 'pod install' or update your CocoaPods installation.\" >&2\n    exit 1\nfi\n# This output is used by Xcode 'outputs' to avoid re-running this script phase.\necho \"SUCCESS\" > \"${SCRIPT_OUTPUT_FILE_0}\"\n";
			showEnvVarsInLog = 0;
		};
/* End PBXShellScriptBuildPhase section */

/* Begin PBXSourcesBuildPhase section */
		AD8B363327B57F18003FA6CA /* Sources */ = {
			isa = PBXSourcesBuildPhase;
			buildActionMask = 2147483647;
			files = (
				ADE1936E280459C90027FABF /* Session.swift in Sources */,
				ADE1936427FF4D090027FABF /* PhotosGalViewController.swift in Sources */,
				ADE192C327C40DD30027FABF /* CanvasViewController.swift in Sources */,
				ADE192A627BD695A0027FABF /* TestViewController.swift in Sources */,
				AD55141D27BD09F100667DD6 /* MainTabBarContoller.swift in Sources */,
				ADC9B9B4280D7DCE00C2A940 /* webViewController.swift in Sources */,
				ADE192BF27C401380027FABF /* DrawningControl.swift in Sources */,
				ADE1936928004BCC0027FABF /* CustomAnimation.swift in Sources */,
				AD03AC0F282BF3A3002040B6 /* RealmCacheService.swift in Sources */,
				ADE192B027BD7B590027FABF /* FriendCollectionViewCell.swift in Sources */,
				ADE1936627FF95890027FABF /* PhotoCollectionViewCell.swift in Sources */,
				ADE1930627D7AA100027FABF /* NewsTableViewController.swift in Sources */,
				ADE192B327C3FCD90027FABF /* UserStruct.swift in Sources */,
				ADE192AE27BD7B3F0027FABF /* FriendCollectionViewController.swift in Sources */,
				AD8B363F27B57F18003FA6CA /* ViewController.swift in Sources */,
				ADE1936B28004C020027FABF /* CustomNavigationController.swift in Sources */,
				ADE192B727C3FF630027FABF /* GroupTableViewCell.swift in Sources */,
				ADE1932927F0940E0027FABF /* LaunchD0wnload.swift in Sources */,
				AD8B366227BACEAD003FA6CA /* WeatherViewController.swift in Sources */,
				AD8B363B27B57F18003FA6CA /* AppDelegate.swift in Sources */,
				ADE1930D27D7AD120027FABF /* NewsTableViewCell.swift in Sources */,
				ADE192B927C3FF730027FABF /* GroupTableViewController.swift in Sources */,
				AD8B363D27B57F18003FA6CA /* SceneDelegate.swift in Sources */,
				ADE192A427BD68920027FABF /* FriendTableViewController.swift in Sources */,
				ADC9B9B628104EEA00C2A940 /* VKData.swift in Sources */,
				ADE1930027CFDDC90027FABF /* Friend2TableViewCell.swift in Sources */,
				ADE192DB27C8F95C0027FABF /* ProfImage.swift in Sources */,
				ADC9B9B2280D581F00C2A940 /* VKService.swift in Sources */,
				ADE1930327CFDF930027FABF /* Friend2TableViewController.swift in Sources */,
				ADE192BB27C4005F0027FABF /* GroupStruct.swift in Sources */,
				ADE192DD27C9131D0027FABF /* LikeControl.swift in Sources */,
				ADE192A827BD6ACC0027FABF /* FriendTableViewCell.swift in Sources */,
			);
			runOnlyForDeploymentPostprocessing = 0;
		};
/* End PBXSourcesBuildPhase section */

/* Begin PBXVariantGroup section */
		AD8B364027B57F18003FA6CA /* Main.storyboard */ = {
			isa = PBXVariantGroup;
			children = (
				AD8B364127B57F18003FA6CA /* Base */,
			);
			name = Main.storyboard;
			sourceTree = "<group>";
		};
		AD8B364527B57F1C003FA6CA /* LaunchScreen.storyboard */ = {
			isa = PBXVariantGroup;
			children = (
				AD8B364627B57F1C003FA6CA /* Base */,
			);
			name = LaunchScreen.storyboard;
			sourceTree = "<group>";
		};
/* End PBXVariantGroup section */

/* Begin XCBuildConfiguration section */
		AD8B364927B57F1C003FA6CA /* Debug */ = {
			isa = XCBuildConfiguration;
			buildSettings = {
				ALWAYS_SEARCH_USER_PATHS = NO;
				CLANG_ANALYZER_NONNULL = YES;
				CLANG_ANALYZER_NUMBER_OBJECT_CONVERSION = YES_AGGRESSIVE;
				CLANG_CXX_LANGUAGE_STANDARD = "gnu++17";
				CLANG_CXX_LIBRARY = "libc++";
				CLANG_ENABLE_MODULES = YES;
				CLANG_ENABLE_OBJC_ARC = YES;
				CLANG_ENABLE_OBJC_WEAK = YES;
				CLANG_WARN_BLOCK_CAPTURE_AUTORELEASING = YES;
				CLANG_WARN_BOOL_CONVERSION = YES;
				CLANG_WARN_COMMA = YES;
				CLANG_WARN_CONSTANT_CONVERSION = YES;
				CLANG_WARN_DEPRECATED_OBJC_IMPLEMENTATIONS = YES;
				CLANG_WARN_DIRECT_OBJC_ISA_USAGE = YES_ERROR;
				CLANG_WARN_DOCUMENTATION_COMMENTS = YES;
				CLANG_WARN_EMPTY_BODY = YES;
				CLANG_WARN_ENUM_CONVERSION = YES;
				CLANG_WARN_INFINITE_RECURSION = YES;
				CLANG_WARN_INT_CONVERSION = YES;
				CLANG_WARN_NON_LITERAL_NULL_CONVERSION = YES;
				CLANG_WARN_OBJC_IMPLICIT_RETAIN_SELF = YES;
				CLANG_WARN_OBJC_LITERAL_CONVERSION = YES;
				CLANG_WARN_OBJC_ROOT_CLASS = YES_ERROR;
				CLANG_WARN_QUOTED_INCLUDE_IN_FRAMEWORK_HEADER = YES;
				CLANG_WARN_RANGE_LOOP_ANALYSIS = YES;
				CLANG_WARN_STRICT_PROTOTYPES = YES;
				CLANG_WARN_SUSPICIOUS_MOVE = YES;
				CLANG_WARN_UNGUARDED_AVAILABILITY = YES_AGGRESSIVE;
				CLANG_WARN_UNREACHABLE_CODE = YES;
				CLANG_WARN__DUPLICATE_METHOD_MATCH = YES;
				COPY_PHASE_STRIP = NO;
				DEBUG_INFORMATION_FORMAT = dwarf;
				ENABLE_STRICT_OBJC_MSGSEND = YES;
				ENABLE_TESTABILITY = YES;
				GCC_C_LANGUAGE_STANDARD = gnu11;
				GCC_DYNAMIC_NO_PIC = NO;
				GCC_NO_COMMON_BLOCKS = YES;
				GCC_OPTIMIZATION_LEVEL = 0;
				GCC_PREPROCESSOR_DEFINITIONS = (
					"DEBUG=1",
					"$(inherited)",
				);
				GCC_WARN_64_TO_32_BIT_CONVERSION = YES;
				GCC_WARN_ABOUT_RETURN_TYPE = YES_ERROR;
				GCC_WARN_UNDECLARED_SELECTOR = YES;
				GCC_WARN_UNINITIALIZED_AUTOS = YES_AGGRESSIVE;
				GCC_WARN_UNUSED_FUNCTION = YES;
				GCC_WARN_UNUSED_VARIABLE = YES;
				IPHONEOS_DEPLOYMENT_TARGET = 15.2;
				MTL_ENABLE_DEBUG_INFO = INCLUDE_SOURCE;
				MTL_FAST_MATH = YES;
				ONLY_ACTIVE_ARCH = YES;
				SDKROOT = iphoneos;
				SWIFT_ACTIVE_COMPILATION_CONDITIONS = DEBUG;
				SWIFT_OPTIMIZATION_LEVEL = "-Onone";
			};
			name = Debug;
		};
		AD8B364A27B57F1C003FA6CA /* Release */ = {
			isa = XCBuildConfiguration;
			buildSettings = {
				ALWAYS_SEARCH_USER_PATHS = NO;
				CLANG_ANALYZER_NONNULL = YES;
				CLANG_ANALYZER_NUMBER_OBJECT_CONVERSION = YES_AGGRESSIVE;
				CLANG_CXX_LANGUAGE_STANDARD = "gnu++17";
				CLANG_CXX_LIBRARY = "libc++";
				CLANG_ENABLE_MODULES = YES;
				CLANG_ENABLE_OBJC_ARC = YES;
				CLANG_ENABLE_OBJC_WEAK = YES;
				CLANG_WARN_BLOCK_CAPTURE_AUTORELEASING = YES;
				CLANG_WARN_BOOL_CONVERSION = YES;
				CLANG_WARN_COMMA = YES;
				CLANG_WARN_CONSTANT_CONVERSION = YES;
				CLANG_WARN_DEPRECATED_OBJC_IMPLEMENTATIONS = YES;
				CLANG_WARN_DIRECT_OBJC_ISA_USAGE = YES_ERROR;
				CLANG_WARN_DOCUMENTATION_COMMENTS = YES;
				CLANG_WARN_EMPTY_BODY = YES;
				CLANG_WARN_ENUM_CONVERSION = YES;
				CLANG_WARN_INFINITE_RECURSION = YES;
				CLANG_WARN_INT_CONVERSION = YES;
				CLANG_WARN_NON_LITERAL_NULL_CONVERSION = YES;
				CLANG_WARN_OBJC_IMPLICIT_RETAIN_SELF = YES;
				CLANG_WARN_OBJC_LITERAL_CONVERSION = YES;
				CLANG_WARN_OBJC_ROOT_CLASS = YES_ERROR;
				CLANG_WARN_QUOTED_INCLUDE_IN_FRAMEWORK_HEADER = YES;
				CLANG_WARN_RANGE_LOOP_ANALYSIS = YES;
				CLANG_WARN_STRICT_PROTOTYPES = YES;
				CLANG_WARN_SUSPICIOUS_MOVE = YES;
				CLANG_WARN_UNGUARDED_AVAILABILITY = YES_AGGRESSIVE;
				CLANG_WARN_UNREACHABLE_CODE = YES;
				CLANG_WARN__DUPLICATE_METHOD_MATCH = YES;
				COPY_PHASE_STRIP = NO;
				DEBUG_INFORMATION_FORMAT = "dwarf-with-dsym";
				ENABLE_NS_ASSERTIONS = NO;
				ENABLE_STRICT_OBJC_MSGSEND = YES;
				GCC_C_LANGUAGE_STANDARD = gnu11;
				GCC_NO_COMMON_BLOCKS = YES;
				GCC_WARN_64_TO_32_BIT_CONVERSION = YES;
				GCC_WARN_ABOUT_RETURN_TYPE = YES_ERROR;
				GCC_WARN_UNDECLARED_SELECTOR = YES;
				GCC_WARN_UNINITIALIZED_AUTOS = YES_AGGRESSIVE;
				GCC_WARN_UNUSED_FUNCTION = YES;
				GCC_WARN_UNUSED_VARIABLE = YES;
				IPHONEOS_DEPLOYMENT_TARGET = 15.2;
				MTL_ENABLE_DEBUG_INFO = NO;
				MTL_FAST_MATH = YES;
				SDKROOT = iphoneos;
				SWIFT_COMPILATION_MODE = wholemodule;
				SWIFT_OPTIMIZATION_LEVEL = "-O";
				VALIDATE_PRODUCT = YES;
			};
			name = Release;
		};
		AD8B364C27B57F1C003FA6CA /* Debug */ = {
			isa = XCBuildConfiguration;
			baseConfigurationReference = 8BE5C86AF9E75C69836C9855 /* Pods-weatherLesson1.debug.xcconfig */;
			buildSettings = {
				ASSETCATALOG_COMPILER_APPICON_NAME = AppIcon;
				ASSETCATALOG_COMPILER_GLOBAL_ACCENT_COLOR_NAME = AccentColor;
				CODE_SIGN_STYLE = Automatic;
				CURRENT_PROJECT_VERSION = 1;
				DEVELOPMENT_TEAM = 8B29PPTYV5;
				GENERATE_INFOPLIST_FILE = YES;
				INFOPLIST_FILE = weatherLesson1/Info.plist;
				INFOPLIST_KEY_UIApplicationSupportsIndirectInputEvents = YES;
				INFOPLIST_KEY_UILaunchStoryboardName = LaunchScreen;
				INFOPLIST_KEY_UIMainStoryboardFile = Main;
				INFOPLIST_KEY_UISupportedInterfaceOrientations_iPad = "UIInterfaceOrientationPortrait UIInterfaceOrientationPortraitUpsideDown UIInterfaceOrientationLandscapeLeft UIInterfaceOrientationLandscapeRight";
				INFOPLIST_KEY_UISupportedInterfaceOrientations_iPhone = "UIInterfaceOrientationPortrait UIInterfaceOrientationLandscapeLeft UIInterfaceOrientationLandscapeRight";
				LD_RUNPATH_SEARCH_PATHS = (
					"$(inherited)",
					"@executable_path/Frameworks",
				);
				MARKETING_VERSION = 1.0;
				PRODUCT_BUNDLE_IDENTIFIER = com.myorganization;
				PRODUCT_NAME = "$(TARGET_NAME)";
				SWIFT_EMIT_LOC_STRINGS = YES;
				SWIFT_VERSION = 5.0;
				TARGETED_DEVICE_FAMILY = "1,2";
			};
			name = Debug;
		};
		AD8B364D27B57F1C003FA6CA /* Release */ = {
			isa = XCBuildConfiguration;
			baseConfigurationReference = 1231B8C2DC1EA45DD9FC352A /* Pods-weatherLesson1.release.xcconfig */;
			buildSettings = {
				ASSETCATALOG_COMPILER_APPICON_NAME = AppIcon;
				ASSETCATALOG_COMPILER_GLOBAL_ACCENT_COLOR_NAME = AccentColor;
				CODE_SIGN_STYLE = Automatic;
				CURRENT_PROJECT_VERSION = 1;
				DEVELOPMENT_TEAM = 8B29PPTYV5;
				GENERATE_INFOPLIST_FILE = YES;
				INFOPLIST_FILE = weatherLesson1/Info.plist;
				INFOPLIST_KEY_UIApplicationSupportsIndirectInputEvents = YES;
				INFOPLIST_KEY_UILaunchStoryboardName = LaunchScreen;
				INFOPLIST_KEY_UIMainStoryboardFile = Main;
				INFOPLIST_KEY_UISupportedInterfaceOrientations_iPad = "UIInterfaceOrientationPortrait UIInterfaceOrientationPortraitUpsideDown UIInterfaceOrientationLandscapeLeft UIInterfaceOrientationLandscapeRight";
				INFOPLIST_KEY_UISupportedInterfaceOrientations_iPhone = "UIInterfaceOrientationPortrait UIInterfaceOrientationLandscapeLeft UIInterfaceOrientationLandscapeRight";
				LD_RUNPATH_SEARCH_PATHS = (
					"$(inherited)",
					"@executable_path/Frameworks",
				);
				MARKETING_VERSION = 1.0;
				PRODUCT_BUNDLE_IDENTIFIER = com.myorganization;
				PRODUCT_NAME = "$(TARGET_NAME)";
				SWIFT_EMIT_LOC_STRINGS = YES;
				SWIFT_VERSION = 5.0;
				TARGETED_DEVICE_FAMILY = "1,2";
			};
			name = Release;
		};
/* End XCBuildConfiguration section */

/* Begin XCConfigurationList section */
		AD8B363227B57F18003FA6CA /* Build configuration list for PBXProject "weatherLesson1" */ = {
			isa = XCConfigurationList;
			buildConfigurations = (
				AD8B364927B57F1C003FA6CA /* Debug */,
				AD8B364A27B57F1C003FA6CA /* Release */,
			);
			defaultConfigurationIsVisible = 0;
			defaultConfigurationName = Release;
		};
		AD8B364B27B57F1C003FA6CA /* Build configuration list for PBXNativeTarget "weatherLesson1" */ = {
			isa = XCConfigurationList;
			buildConfigurations = (
				AD8B364C27B57F1C003FA6CA /* Debug */,
				AD8B364D27B57F1C003FA6CA /* Release */,
			);
			defaultConfigurationIsVisible = 0;
			defaultConfigurationName = Release;
		};
/* End XCConfigurationList section */
	};
	rootObject = AD8B362F27B57F18003FA6CA /* Project object */;
}
