// !$*UTF8*$!
{
	archiveVersion = 1;
	classes = {
	};
	objectVersion = 55;
	objects = {

/* Begin PBXBuildFile section */
		AD55141D27BD09F100667DD6 /* MainTabBarContoller.swift in Sources */ = {isa = PBXBuildFile; fileRef = AD55141C27BD09F100667DD6 /* MainTabBarContoller.swift */; };
		AD8B363B27B57F18003FA6CA /* AppDelegate.swift in Sources */ = {isa = PBXBuildFile; fileRef = AD8B363A27B57F18003FA6CA /* AppDelegate.swift */; };
		AD8B363D27B57F18003FA6CA /* SceneDelegate.swift in Sources */ = {isa = PBXBuildFile; fileRef = AD8B363C27B57F18003FA6CA /* SceneDelegate.swift */; };
		AD8B363F27B57F18003FA6CA /* ViewController.swift in Sources */ = {isa = PBXBuildFile; fileRef = AD8B363E27B57F18003FA6CA /* ViewController.swift */; };
		AD8B364227B57F18003FA6CA /* Main.storyboard in Resources */ = {isa = PBXBuildFile; fileRef = AD8B364027B57F18003FA6CA /* Main.storyboard */; };
		AD8B364427B57F1C003FA6CA /* Assets.xcassets in Resources */ = {isa = PBXBuildFile; fileRef = AD8B364327B57F1C003FA6CA /* Assets.xcassets */; };
		AD8B364727B57F1C003FA6CA /* LaunchScreen.storyboard in Resources */ = {isa = PBXBuildFile; fileRef = AD8B364527B57F1C003FA6CA /* LaunchScreen.storyboard */; };
		AD8B366227BACEAD003FA6CA /* WeatherViewController.swift in Sources */ = {isa = PBXBuildFile; fileRef = AD8B366127BACEAD003FA6CA /* WeatherViewController.swift */; };
/* End PBXBuildFile section */

/* Begin PBXFileReference section */
		AD55141C27BD09F100667DD6 /* MainTabBarContoller.swift */ = {isa = PBXFileReference; lastKnownFileType = sourcecode.swift; path = MainTabBarContoller.swift; sourceTree = "<group>"; };
		AD8B363727B57F18003FA6CA /* weatherLesson1.app */ = {isa = PBXFileReference; explicitFileType = wrapper.application; includeInIndex = 0; path = weatherLesson1.app; sourceTree = BUILT_PRODUCTS_DIR; };
		AD8B363A27B57F18003FA6CA /* AppDelegate.swift */ = {isa = PBXFileReference; lastKnownFileType = sourcecode.swift; path = AppDelegate.swift; sourceTree = "<group>"; };
		AD8B363C27B57F18003FA6CA /* SceneDelegate.swift */ = {isa = PBXFileReference; lastKnownFileType = sourcecode.swift; path = SceneDelegate.swift; sourceTree = "<group>"; };
		AD8B363E27B57F18003FA6CA /* ViewController.swift */ = {isa = PBXFileReference; lastKnownFileType = sourcecode.swift; path = ViewController.swift; sourceTree = "<group>"; };
		AD8B364127B57F18003FA6CA /* Base */ = {isa = PBXFileReference; lastKnownFileType = file.storyboard; name = Base; path = Base.lproj/Main.storyboard; sourceTree = "<group>"; };
		AD8B364327B57F1C003FA6CA /* Assets.xcassets */ = {isa = PBXFileReference; lastKnownFileType = folder.assetcatalog; path = Assets.xcassets; sourceTree = "<group>"; };
		AD8B364627B57F1C003FA6CA /* Base */ = {isa = PBXFileReference; lastKnownFileType = file.storyboard; name = Base; path = Base.lproj/LaunchScreen.storyboard; sourceTree = "<group>"; };
		AD8B364827B57F1C003FA6CA /* Info.plist */ = {isa = PBXFileReference; lastKnownFileType = text.plist.xml; path = Info.plist; sourceTree = "<group>"; };
		AD8B366127BACEAD003FA6CA /* WeatherViewController.swift */ = {isa = PBXFileReference; lastKnownFileType = sourcecode.swift; path = WeatherViewController.swift; sourceTree = "<group>"; };
/* End PBXFileReference section */

/* Begin PBXFrameworksBuildPhase section */
		AD8B363427B57F18003FA6CA /* Frameworks */ = {
			isa = PBXFrameworksBuildPhase;
			buildActionMask = 2147483647;
			files = (
			);
			runOnlyForDeploymentPostprocessing = 0;
		};
/* End PBXFrameworksBuildPhase section */

/* Begin PBXGroup section */
		AD8B362E27B57F18003FA6CA = {
			isa = PBXGroup;
			children = (
				AD8B363927B57F18003FA6CA /* weatherLesson1 */,
				AD8B363827B57F18003FA6CA /* Products */,
			);
			sourceTree = "<group>";
		};
		AD8B363827B57F18003FA6CA /* Products */ = {
			isa = PBXGroup;
			children = (
				AD8B363727B57F18003FA6CA /* weatherLesson1.app */,
			);
			name = Products;
			sourceTree = "<group>";
		};
		AD8B363927B57F18003FA6CA /* weatherLesson1 */ = {
			isa = PBXGroup;
			children = (
				AD8B363A27B57F18003FA6CA /* AppDelegate.swift */,
				AD8B363C27B57F18003FA6CA /* SceneDelegate.swift */,
				AD8B363E27B57F18003FA6CA /* ViewController.swift */,
				AD8B364027B57F18003FA6CA /* Main.storyboard */,
				AD8B366127BACEAD003FA6CA /* WeatherViewController.swift */,
				AD55141C27BD09F100667DD6 /* MainTabBarContoller.swift */,
				AD8B364327B57F1C003FA6CA /* Assets.xcassets */,
				AD8B364527B57F1C003FA6CA /* LaunchScreen.storyboard */,
				AD8B364827B57F1C003FA6CA /* Info.plist */,
			);
			path = weatherLesson1;
			sourceTree = "<group>";
		};
/* End PBXGroup section */

/* Begin PBXNativeTarget section */
		AD8B363627B57F18003FA6CA /* weatherLesson1 */ = {
			isa = PBXNativeTarget;
			buildConfigurationList = AD8B364B27B57F1C003FA6CA /* Build configuration list for PBXNativeTarget "weatherLesson1" */;
			buildPhases = (
				AD8B363327B57F18003FA6CA /* Sources */,
				AD8B363427B57F18003FA6CA /* Frameworks */,
				AD8B363527B57F18003FA6CA /* Resources */,
			);
			buildRules = (
			);
			dependencies = (
			);
			name = weatherLesson1;
			productName = weatherLesson1;
			productReference = AD8B363727B57F18003FA6CA /* weatherLesson1.app */;
			productType = "com.apple.product-type.application";
		};
/* End PBXNativeTarget section */

/* Begin PBXProject section */
		AD8B362F27B57F18003FA6CA /* Project object */ = {
			isa = PBXProject;
			attributes = {
				BuildIndependentTargetsInParallel = 1;
				LastSwiftUpdateCheck = 1320;
				LastUpgradeCheck = 1320;
				TargetAttributes = {
					AD8B363627B57F18003FA6CA = {
						CreatedOnToolsVersion = 13.2.1;
					};
				};
			};
			buildConfigurationList = AD8B363227B57F18003FA6CA /* Build configuration list for PBXProject "weatherLesson1" */;
			compatibilityVersion = "Xcode 13.0";
			developmentRegion = en;
			hasScannedForEncodings = 0;
			knownRegions = (
				en,
				Base,
			);
			mainGroup = AD8B362E27B57F18003FA6CA;
			productRefGroup = AD8B363827B57F18003FA6CA /* Products */;
			projectDirPath = "";
			projectRoot = "";
			targets = (
				AD8B363627B57F18003FA6CA /* weatherLesson1 */,
			);
		};
/* End PBXProject section */

/* Begin PBXResourcesBuildPhase section */
		AD8B363527B57F18003FA6CA /* Resources */ = {
			isa = PBXResourcesBuildPhase;
			buildActionMask = 2147483647;
			files = (
				AD8B364727B57F1C003FA6CA /* LaunchScreen.storyboard in Resources */,
				AD8B364427B57F1C003FA6CA /* Assets.xcassets in Resources */,
				AD8B364227B57F18003FA6CA /* Main.storyboard in Resources */,
			);
			runOnlyForDeploymentPostprocessing = 0;
		};
/* End PBXResourcesBuildPhase section */

/* Begin PBXSourcesBuildPhase section */
		AD8B363327B57F18003FA6CA /* Sources */ = {
			isa = PBXSourcesBuildPhase;
			buildActionMask = 2147483647;
			files = (
				AD55141D27BD09F100667DD6 /* MainTabBarContoller.swift in Sources */,
				AD8B363F27B57F18003FA6CA /* ViewController.swift in Sources */,
				AD8B366227BACEAD003FA6CA /* WeatherViewController.swift in Sources */,
				AD8B363B27B57F18003FA6CA /* AppDelegate.swift in Sources */,
				AD8B363D27B57F18003FA6CA /* SceneDelegate.swift in Sources */,
			);
			runOnlyForDeploymentPostprocessing = 0;
		};
/* End PBXSourcesBuildPhase section */

/* Begin PBXVariantGroup section */
		AD8B364027B57F18003FA6CA /* Main.storyboard */ = {
			isa = PBXVariantGroup;
			children = (
				AD8B364127B57F18003FA6CA /* Base */,
			);
			name = Main.storyboard;
			sourceTree = "<group>";
		};
		AD8B364527B57F1C003FA6CA /* LaunchScreen.storyboard */ = {
			isa = PBXVariantGroup;
			children = (
				AD8B364627B57F1C003FA6CA /* Base */,
			);
			name = LaunchScreen.storyboard;
			sourceTree = "<group>";
		};
/* End PBXVariantGroup section */

/* Begin XCBuildConfiguration section */
		AD8B364927B57F1C003FA6CA /* Debug */ = {
			isa = XCBuildConfiguration;
			buildSettings = {
				ALWAYS_SEARCH_USER_PATHS = NO;
				CLANG_ANALYZER_NONNULL = YES;
				CLANG_ANALYZER_NUMBER_OBJECT_CONVERSION = YES_AGGRESSIVE;
				CLANG_CXX_LANGUAGE_STANDARD = "gnu++17";
				CLANG_CXX_LIBRARY = "libc++";
				CLANG_ENABLE_MODULES = YES;
				CLANG_ENABLE_OBJC_ARC = YES;
				CLANG_ENABLE_OBJC_WEAK = YES;
				CLANG_WARN_BLOCK_CAPTURE_AUTORELEASING = YES;
				CLANG_WARN_BOOL_CONVERSION = YES;
				CLANG_WARN_COMMA = YES;
				CLANG_WARN_CONSTANT_CONVERSION = YES;
				CLANG_WARN_DEPRECATED_OBJC_IMPLEMENTATIONS = YES;
				CLANG_WARN_DIRECT_OBJC_ISA_USAGE = YES_ERROR;
				CLANG_WARN_DOCUMENTATION_COMMENTS = YES;
				CLANG_WARN_EMPTY_BODY = YES;
				CLANG_WARN_ENUM_CONVERSION = YES;
				CLANG_WARN_INFINITE_RECURSION = YES;
				CLANG_WARN_INT_CONVERSION = YES;
				CLANG_WARN_NON_LITERAL_NULL_CONVERSION = YES;
				CLANG_WARN_OBJC_IMPLICIT_RETAIN_SELF = YES;
				CLANG_WARN_OBJC_LITERAL_CONVERSION = YES;
				CLANG_WARN_OBJC_ROOT_CLASS = YES_ERROR;
				CLANG_WARN_QUOTED_INCLUDE_IN_FRAMEWORK_HEADER = YES;
				CLANG_WARN_RANGE_LOOP_ANALYSIS = YES;
				CLANG_WARN_STRICT_PROTOTYPES = YES;
				CLANG_WARN_SUSPICIOUS_MOVE = YES;
				CLANG_WARN_UNGUARDED_AVAILABILITY = YES_AGGRESSIVE;
				CLANG_WARN_UNREACHABLE_CODE = YES;
				CLANG_WARN__DUPLICATE_METHOD_MATCH = YES;
				COPY_PHASE_STRIP = NO;
				DEBUG_INFORMATION_FORMAT = dwarf;
				ENABLE_STRICT_OBJC_MSGSEND = YES;
				ENABLE_TESTABILITY = YES;
				GCC_C_LANGUAGE_STANDARD = gnu11;
				GCC_DYNAMIC_NO_PIC = NO;
				GCC_NO_COMMON_BLOCKS = YES;
				GCC_OPTIMIZATION_LEVEL = 0;
				GCC_PREPROCESSOR_DEFINITIONS = (
					"DEBUG=1",
					"$(inherited)",
				);
				GCC_WARN_64_TO_32_BIT_CONVERSION = YES;
				GCC_WARN_ABOUT_RETURN_TYPE = YES_ERROR;
				GCC_WARN_UNDECLARED_SELECTOR = YES;
				GCC_WARN_UNINITIALIZED_AUTOS = YES_AGGRESSIVE;
				GCC_WARN_UNUSED_FUNCTION = YES;
				GCC_WARN_UNUSED_VARIABLE = YES;
				IPHONEOS_DEPLOYMENT_TARGET = 15.2;
				MTL_ENABLE_DEBUG_INFO = INCLUDE_SOURCE;
				MTL_FAST_MATH = YES;
				ONLY_ACTIVE_ARCH = YES;
				SDKROOT = iphoneos;
				SWIFT_ACTIVE_COMPILATION_CONDITIONS = DEBUG;
				SWIFT_OPTIMIZATION_LEVEL = "-Onone";
			};
			name = Debug;
		};
		AD8B364A27B57F1C003FA6CA /* Release */ = {
			isa = XCBuildConfiguration;
			buildSettings = {
				ALWAYS_SEARCH_USER_PATHS = NO;
				CLANG_ANALYZER_NONNULL = YES;
				CLANG_ANALYZER_NUMBER_OBJECT_CONVERSION = YES_AGGRESSIVE;
				CLANG_CXX_LANGUAGE_STANDARD = "gnu++17";
				CLANG_CXX_LIBRARY = "libc++";
				CLANG_ENABLE_MODULES = YES;
				CLANG_ENABLE_OBJC_ARC = YES;
				CLANG_ENABLE_OBJC_WEAK = YES;
				CLANG_WARN_BLOCK_CAPTURE_AUTORELEASING = YES;
				CLANG_WARN_BOOL_CONVERSION = YES;
				CLANG_WARN_COMMA = YES;
				CLANG_WARN_CONSTANT_CONVERSION = YES;
				CLANG_WARN_DEPRECATED_OBJC_IMPLEMENTATIONS = YES;
				CLANG_WARN_DIRECT_OBJC_ISA_USAGE = YES_ERROR;
				CLANG_WARN_DOCUMENTATION_COMMENTS = YES;
				CLANG_WARN_EMPTY_BODY = YES;
				CLANG_WARN_ENUM_CONVERSION = YES;
				CLANG_WARN_INFINITE_RECURSION = YES;
				CLANG_WARN_INT_CONVERSION = YES;
				CLANG_WARN_NON_LITERAL_NULL_CONVERSION = YES;
				CLANG_WARN_OBJC_IMPLICIT_RETAIN_SELF = YES;
				CLANG_WARN_OBJC_LITERAL_CONVERSION = YES;
				CLANG_WARN_OBJC_ROOT_CLASS = YES_ERROR;
				CLANG_WARN_QUOTED_INCLUDE_IN_FRAMEWORK_HEADER = YES;
				CLANG_WARN_RANGE_LOOP_ANALYSIS = YES;
				CLANG_WARN_STRICT_PROTOTYPES = YES;
				CLANG_WARN_SUSPICIOUS_MOVE = YES;
				CLANG_WARN_UNGUARDED_AVAILABILITY = YES_AGGRESSIVE;
				CLANG_WARN_UNREACHABLE_CODE = YES;
				CLANG_WARN__DUPLICATE_METHOD_MATCH = YES;
				COPY_PHASE_STRIP = NO;
				DEBUG_INFORMATION_FORMAT = "dwarf-with-dsym";
				ENABLE_NS_ASSERTIONS = NO;
				ENABLE_STRICT_OBJC_MSGSEND = YES;
				GCC_C_LANGUAGE_STANDARD = gnu11;
				GCC_NO_COMMON_BLOCKS = YES;
				GCC_WARN_64_TO_32_BIT_CONVERSION = YES;
				GCC_WARN_ABOUT_RETURN_TYPE = YES_ERROR;
				GCC_WARN_UNDECLARED_SELECTOR = YES;
				GCC_WARN_UNINITIALIZED_AUTOS = YES_AGGRESSIVE;
				GCC_WARN_UNUSED_FUNCTION = YES;
				GCC_WARN_UNUSED_VARIABLE = YES;
				IPHONEOS_DEPLOYMENT_TARGET = 15.2;
				MTL_ENABLE_DEBUG_INFO = NO;
				MTL_FAST_MATH = YES;
				SDKROOT = iphoneos;
				SWIFT_COMPILATION_MODE = wholemodule;
				SWIFT_OPTIMIZATION_LEVEL = "-O";
				VALIDATE_PRODUCT = YES;
			};
			name = Release;
		};
		AD8B364C27B57F1C003FA6CA /* Debug */ = {
			isa = XCBuildConfiguration;
			buildSettings = {
				ASSETCATALOG_COMPILER_APPICON_NAME = AppIcon;
				ASSETCATALOG_COMPILER_GLOBAL_ACCENT_COLOR_NAME = AccentColor;
				CODE_SIGN_STYLE = Automatic;
				CURRENT_PROJECT_VERSION = 1;
				DEVELOPMENT_TEAM = 8B29PPTYV5;
				GENERATE_INFOPLIST_FILE = YES;
				INFOPLIST_FILE = weatherLesson1/Info.plist;
				INFOPLIST_KEY_UIApplicationSupportsIndirectInputEvents = YES;
				INFOPLIST_KEY_UILaunchStoryboardName = LaunchScreen;
				INFOPLIST_KEY_UIMainStoryboardFile = Main;
				INFOPLIST_KEY_UISupportedInterfaceOrientations_iPad = "UIInterfaceOrientationPortrait UIInterfaceOrientationPortraitUpsideDown UIInterfaceOrientationLandscapeLeft UIInterfaceOrientationLandscapeRight";
				INFOPLIST_KEY_UISupportedInterfaceOrientations_iPhone = "UIInterfaceOrientationPortrait UIInterfaceOrientationLandscapeLeft UIInterfaceOrientationLandscapeRight";
				LD_RUNPATH_SEARCH_PATHS = (
					"$(inherited)",
					"@executable_path/Frameworks",
				);
				MARKETING_VERSION = 1.0;
				PRODUCT_BUNDLE_IDENTIFIER = com.myorganization.weatherLesson1;
				PRODUCT_NAME = "$(TARGET_NAME)";
				SWIFT_EMIT_LOC_STRINGS = YES;
				SWIFT_VERSION = 5.0;
				TARGETED_DEVICE_FAMILY = "1,2";
			};
			name = Debug;
		};
		AD8B364D27B57F1C003FA6CA /* Release */ = {
			isa = XCBuildConfiguration;
			buildSettings = {
				ASSETCATALOG_COMPILER_APPICON_NAME = AppIcon;
				ASSETCATALOG_COMPILER_GLOBAL_ACCENT_COLOR_NAME = AccentColor;
				CODE_SIGN_STYLE = Automatic;
				CURRENT_PROJECT_VERSION = 1;
				DEVELOPMENT_TEAM = 8B29PPTYV5;
				GENERATE_INFOPLIST_FILE = YES;
				INFOPLIST_FILE = weatherLesson1/Info.plist;
				INFOPLIST_KEY_UIApplicationSupportsIndirectInputEvents = YES;
				INFOPLIST_KEY_UILaunchStoryboardName = LaunchScreen;
				INFOPLIST_KEY_UIMainStoryboardFile = Main;
				INFOPLIST_KEY_UISupportedInterfaceOrientations_iPad = "UIInterfaceOrientationPortrait UIInterfaceOrientationPortraitUpsideDown UIInterfaceOrientationLandscapeLeft UIInterfaceOrientationLandscapeRight";
				INFOPLIST_KEY_UISupportedInterfaceOrientations_iPhone = "UIInterfaceOrientationPortrait UIInterfaceOrientationLandscapeLeft UIInterfaceOrientationLandscapeRight";
				LD_RUNPATH_SEARCH_PATHS = (
					"$(inherited)",
					"@executable_path/Frameworks",
				);
				MARKETING_VERSION = 1.0;
				PRODUCT_BUNDLE_IDENTIFIER = com.myorganization.weatherLesson1;
				PRODUCT_NAME = "$(TARGET_NAME)";
				SWIFT_EMIT_LOC_STRINGS = YES;
				SWIFT_VERSION = 5.0;
				TARGETED_DEVICE_FAMILY = "1,2";
			};
			name = Release;
		};
/* End XCBuildConfiguration section */

/* Begin XCConfigurationList section */
		AD8B363227B57F18003FA6CA /* Build configuration list for PBXProject "weatherLesson1" */ = {
			isa = XCConfigurationList;
			buildConfigurations = (
				AD8B364927B57F1C003FA6CA /* Debug */,
				AD8B364A27B57F1C003FA6CA /* Release */,
			);
			defaultConfigurationIsVisible = 0;
			defaultConfigurationName = Release;
		};
		AD8B364B27B57F1C003FA6CA /* Build configuration list for PBXNativeTarget "weatherLesson1" */ = {
			isa = XCConfigurationList;
			buildConfigurations = (
				AD8B364C27B57F1C003FA6CA /* Debug */,
				AD8B364D27B57F1C003FA6CA /* Release */,
			);
			defaultConfigurationIsVisible = 0;
			defaultConfigurationName = Release;
		};
/* End XCConfigurationList section */
	};
	rootObject = AD8B362F27B57F18003FA6CA /* Project object */;
}
